
Microsoft Visual Studio Solution File, Format Version 12.00
# Visual Studio Version 16
VisualStudioVersion = 16.0.29102.190
MinimumVisualStudioVersion = 10.0.40219.1
Project("{FAE04EC0-301F-11D3-BF4B-00C04F79EFBC}") = "TodoApp", "TodoApp\TodoApp.csproj", "{90B5F367-D9FA-45CF-BBE9-D16CABFC0375}"
EndProject
Global
	GlobalSection(SolutionConfigurationPlatforms) = preSolution
		Debug|Any CPU = Debug|Any CPU
		Release|Any CPU = Release|Any CPU
	EndGlobalSection
	GlobalSection(ProjectConfigurationPlatforms) = postSolution
		{90B5F367-D9FA-45CF-BBE9-D16CABFC0375}.Debug|Any CPU.ActiveCfg = Debug|Any CPU
		{90B5F367-D9FA-45CF-BBE9-D16CABFC0375}.Debug|Any CPU.Build.0 = Debug|Any CPU
		{90B5F367-D9FA-45CF-BBE9-D16CABFC0375}.Release|Any CPU.ActiveCfg = Release|Any CPU
		{90B5F367-D9FA-45CF-BBE9-D16CABFC0375}.Release|Any CPU.Build.0 = Release|Any CPU
	EndGlobalSection
	GlobalSection(SolutionProperties) = preSolution
		HideSolutionNode = FALSE
	EndGlobalSection
	GlobalSection(ExtensibilityGlobals) = postSolution
		SolutionGuid = {8EDF04B9-1030-412F-9A31-C2289BD39904}
	EndGlobalSection
EndGlobal
